{
	"name": "sam_dev_boi",
	"version": "0.0.1",
	"lockfileVersion": 1,
	"requires": true,
	"dependencies": {
		"ffmpeg": {
			"version": "0.0.4",
			"resolved": "https://registry.npmjs.org/ffmpeg/-/ffmpeg-0.0.4.tgz",
			"integrity": "sha1-HEYN+OfaUSf2LO70v6BsWciWMMs=",
			"requires": {
				"when": ">= 0.0.1"
			}
		},
		"pizzicato": {
			"version": "0.6.4",
			"resolved": "https://registry.npmjs.org/pizzicato/-/pizzicato-0.6.4.tgz",
			"integrity": "sha512-1Y4UGnhdBvCoeRTt4Cor/zPRsH/pEAGsBESy0zeR8mH2i2piJRQLEEctkzUJGo6h64GiepZy+LFaJ/a3riR+WA=="
		},
		"when": {
			"version": "3.7.8",
			"resolved": "https://registry.npmjs.org/when/-/when-3.7.8.tgz",
			"integrity": "sha1-xxMLan6gRpPoQs3J56Hyqjmjn4I="
		}
	}
}
